// !$*UTF8*$!
{
	archiveVersion = 1;
	classes = {
	};
	objectVersion = 50;
	objects = {

/* Begin PBXBuildFile section */
		6C00BA0721EFC51700F95DEF /* ChatManager.swift in Sources */ = {isa = PBXBuildFile; fileRef = 6C00BA0621EFC51700F95DEF /* ChatManager.swift */; };
		6C00BA0921EFC7B300F95DEF /* Chat.swift in Sources */ = {isa = PBXBuildFile; fileRef = 6C00BA0821EFC7B300F95DEF /* Chat.swift */; };
		6C25D61021FCF2D50013E503 /* ChatController.swift in Sources */ = {isa = PBXBuildFile; fileRef = 6C25D60F21FCF2D50013E503 /* ChatController.swift */; };
		6C25D61221FCF3EF0013E503 /* Lyfecycable.swift in Sources */ = {isa = PBXBuildFile; fileRef = 6C25D61121FCF3EF0013E503 /* Lyfecycable.swift */; };
		6C9B045E2206209B00B69932 /* ChatDataProvider.swift in Sources */ = {isa = PBXBuildFile; fileRef = 6C9B045D2206209B00B69932 /* ChatDataProvider.swift */; };
		6CBBFA2221EA7FA500DE78FD /* UserManager.swift in Sources */ = {isa = PBXBuildFile; fileRef = 6CBBFA2121EA7FA500DE78FD /* UserManager.swift */; };
		6CCBE6EC21E8F9BF00B134FB /* ChatsViewController.swift in Sources */ = {isa = PBXBuildFile; fileRef = 6CCBE6EA21E8F9BF00B134FB /* ChatsViewController.swift */; };
		6CCBE6ED21E8F9BF00B134FB /* ChatsViewController.xib in Resources */ = {isa = PBXBuildFile; fileRef = 6CCBE6EB21E8F9BF00B134FB /* ChatsViewController.xib */; };
		6CCBE6F021E907C000B134FB /* ChatViewController.swift in Sources */ = {isa = PBXBuildFile; fileRef = 6CCBE6EE21E907C000B134FB /* ChatViewController.swift */; };
		6CCBE6F121E907C000B134FB /* ChatViewController.xib in Resources */ = {isa = PBXBuildFile; fileRef = 6CCBE6EF21E907C000B134FB /* ChatViewController.xib */; };
		6CCBE6F321E9082400B134FB /* CreatePostModel.swift in Sources */ = {isa = PBXBuildFile; fileRef = 6CCBE6F221E9082400B134FB /* CreatePostModel.swift */; };
		6CCBE6F521E9085B00B134FB /* Message.swift in Sources */ = {isa = PBXBuildFile; fileRef = 6CCBE6F421E9085B00B134FB /* Message.swift */; };
		6CCBE6F721E9088300B134FB /* DKUser.swift in Sources */ = {isa = PBXBuildFile; fileRef = 6CCBE6F621E9088300B134FB /* DKUser.swift */; };
		6CCBE6F921E908B200B134FB /* CustomErrors.swift in Sources */ = {isa = PBXBuildFile; fileRef = 6CCBE6F821E908B200B134FB /* CustomErrors.swift */; };
		6CCBE6FB21E9094300B134FB /* Extension+UITextView.swift in Sources */ = {isa = PBXBuildFile; fileRef = 6CCBE6FA21E9094300B134FB /* Extension+UITextView.swift */; };
		6CF7C50621DCC22D009F150A /* BiometricAuthManager.swift in Sources */ = {isa = PBXBuildFile; fileRef = 6CF7C50521DCC22D009F150A /* BiometricAuthManager.swift */; };
		6CF7C50821DCC261009F150A /* SecureStorageManager.swift in Sources */ = {isa = PBXBuildFile; fileRef = 6CF7C50721DCC261009F150A /* SecureStorageManager.swift */; };
		6CF7C50A21DCC27A009F150A /* PostManager.swift in Sources */ = {isa = PBXBuildFile; fileRef = 6CF7C50921DCC27A009F150A /* PostManager.swift */; };
		6CF7C50C21DCC2A2009F150A /* Post.swift in Sources */ = {isa = PBXBuildFile; fileRef = 6CF7C50B21DCC2A2009F150A /* Post.swift */; };
		6CF7C50E21DCC334009F150A /* FirebaseManager.swift in Sources */ = {isa = PBXBuildFile; fileRef = 6CF7C50D21DCC334009F150A /* FirebaseManager.swift */; };
		6CF7C51221DCC761009F150A /* PostTableViewCell.swift in Sources */ = {isa = PBXBuildFile; fileRef = 6CF7C51021DCC761009F150A /* PostTableViewCell.swift */; };
		6CF7C51321DCC761009F150A /* PostTableViewCell.xib in Resources */ = {isa = PBXBuildFile; fileRef = 6CF7C51121DCC761009F150A /* PostTableViewCell.xib */; };
		6CF8ADD021D7C59900CD0064 /* Validator.swift in Sources */ = {isa = PBXBuildFile; fileRef = 6CF8ADCF21D7C59900CD0064 /* Validator.swift */; };
		6CF8ADD221D7C91600CD0064 /* FirebaseResult.swift in Sources */ = {isa = PBXBuildFile; fileRef = 6CF8ADD121D7C91600CD0064 /* FirebaseResult.swift */; };
		6CF8ADD421D7CBF100CD0064 /* StorageManager.swift in Sources */ = {isa = PBXBuildFile; fileRef = 6CF8ADD321D7CBF100CD0064 /* StorageManager.swift */; };
		6CF8ADD821D80BEB00CD0064 /* LoginViewController.swift in Sources */ = {isa = PBXBuildFile; fileRef = 6CF8ADD621D80BEB00CD0064 /* LoginViewController.swift */; };
		6CF8ADD921D80BEB00CD0064 /* LoginViewController.xib in Resources */ = {isa = PBXBuildFile; fileRef = 6CF8ADD721D80BEB00CD0064 /* LoginViewController.xib */; };
		6CF8ADDC21D80E0600CD0064 /* TextField.swift in Sources */ = {isa = PBXBuildFile; fileRef = 6CF8ADDB21D80E0600CD0064 /* TextField.swift */; };
		6CF8ADE021D815C400CD0064 /* FeedViewController.swift in Sources */ = {isa = PBXBuildFile; fileRef = 6CF8ADDE21D815C400CD0064 /* FeedViewController.swift */; };
		6CF8ADE121D815C400CD0064 /* FeedViewController.xib in Resources */ = {isa = PBXBuildFile; fileRef = 6CF8ADDF21D815C400CD0064 /* FeedViewController.xib */; };
		6CF8ADE621D8173000CD0064 /* UserHeaderView.xib in Resources */ = {isa = PBXBuildFile; fileRef = 6CF8ADE521D8173000CD0064 /* UserHeaderView.xib */; };
		6CF8ADE821D8186900CD0064 /* UserHeaderView.swift in Sources */ = {isa = PBXBuildFile; fileRef = 6CF8ADE721D8186900CD0064 /* UserHeaderView.swift */; };
		6CF9CAB521EB7EF200936690 /* CreatePostViewController.swift in Sources */ = {isa = PBXBuildFile; fileRef = 6CF9CAB321EB7EF200936690 /* CreatePostViewController.swift */; };
		6CF9CAB621EB7EF200936690 /* CreatePostViewController.xib in Resources */ = {isa = PBXBuildFile; fileRef = 6CF9CAB421EB7EF200936690 /* CreatePostViewController.xib */; };
		6CFC02F821DD483A008577CE /* Extensions+Decodable.swift in Sources */ = {isa = PBXBuildFile; fileRef = 6CFC02F721DD483A008577CE /* Extensions+Decodable.swift */; };
		6CFC02FA21DD4858008577CE /* Extensions+Encodable.swift in Sources */ = {isa = PBXBuildFile; fileRef = 6CFC02F921DD4858008577CE /* Extensions+Encodable.swift */; };
		6CFDC8B421D3C2C300232DBD /* Typealiases.swift in Sources */ = {isa = PBXBuildFile; fileRef = 6CFDC8B321D3C2C300232DBD /* Typealiases.swift */; };
		6CFDC8B621D3C45000232DBD /* GoogleService-Info.plist in Resources */ = {isa = PBXBuildFile; fileRef = 6CFDC8B521D3C45000232DBD /* GoogleService-Info.plist */; };
		7C61EA3321C6BECD00D1BA6A /* RegisterModel.swift in Sources */ = {isa = PBXBuildFile; fileRef = 7C61EA3221C6BECD00D1BA6A /* RegisterModel.swift */; };
		7C61EA3521C6BF1300D1BA6A /* Sex.swift in Sources */ = {isa = PBXBuildFile; fileRef = 7C61EA3421C6BF1300D1BA6A /* Sex.swift */; };
		7C61EA3721C6C06100D1BA6A /* Extensions+UIViewController.swift in Sources */ = {isa = PBXBuildFile; fileRef = 7C61EA3621C6C06100D1BA6A /* Extensions+UIViewController.swift */; };
		7C61EA3A21C6C7C300D1BA6A /* AuthManager.swift in Sources */ = {isa = PBXBuildFile; fileRef = 7C61EA3921C6C7C300D1BA6A /* AuthManager.swift */; };
		7C9937D621C6C99A0063AD5B /* Utilites.swift in Sources */ = {isa = PBXBuildFile; fileRef = 7C9937D521C6C99A0063AD5B /* Utilites.swift */; };
		7CAAAD0321B44BD700FBF963 /* AppDelegate.swift in Sources */ = {isa = PBXBuildFile; fileRef = 7CAAAD0221B44BD700FBF963 /* AppDelegate.swift */; };
		7CAAAD0521B44BD700FBF963 /* ViewController.swift in Sources */ = {isa = PBXBuildFile; fileRef = 7CAAAD0421B44BD700FBF963 /* ViewController.swift */; };
		7CAAAD0A21B44BD900FBF963 /* Assets.xcassets in Resources */ = {isa = PBXBuildFile; fileRef = 7CAAAD0921B44BD900FBF963 /* Assets.xcassets */; };
		7CAAAD0D21B44BD900FBF963 /* LaunchScreen.storyboard in Resources */ = {isa = PBXBuildFile; fileRef = 7CAAAD0B21B44BD900FBF963 /* LaunchScreen.storyboard */; };
		7CAAAD1821B44BD900FBF963 /* DKVKTests.swift in Sources */ = {isa = PBXBuildFile; fileRef = 7CAAAD1721B44BD900FBF963 /* DKVKTests.swift */; };
		7CAAAD2321B44C3F00FBF963 /* ViewController.xib in Resources */ = {isa = PBXBuildFile; fileRef = 7CAAAD2221B44C3F00FBF963 /* ViewController.xib */; };
		7CAAAD2A21B44DBC00FBF963 /* Router.swift in Sources */ = {isa = PBXBuildFile; fileRef = 7CAAAD2921B44DBC00FBF963 /* Router.swift */; };
		7CAAAD2C21B4538B00FBF963 /* StartRouter.swift in Sources */ = {isa = PBXBuildFile; fileRef = 7CAAAD2B21B4538B00FBF963 /* StartRouter.swift */; };
		7CAAAD3021B4545F00FBF963 /* RegisterViewController.swift in Sources */ = {isa = PBXBuildFile; fileRef = 7CAAAD2E21B4545F00FBF963 /* RegisterViewController.swift */; };
		7CAAAD3121B4545F00FBF963 /* RegisterViewController.xib in Resources */ = {isa = PBXBuildFile; fileRef = 7CAAAD2F21B4545F00FBF963 /* RegisterViewController.xib */; };
		7CAAAD3521B4552400FBF963 /* PhotoView.swift in Sources */ = {isa = PBXBuildFile; fileRef = 7CAAAD3421B4552400FBF963 /* PhotoView.swift */; };
		7CAAAD3A21B4555200FBF963 /* NibLoadable.swift in Sources */ = {isa = PBXBuildFile; fileRef = 7CAAAD3921B4555200FBF963 /* NibLoadable.swift */; };
		7CAAAD3D21B4574900FBF963 /* Extensions+UIView.swift in Sources */ = {isa = PBXBuildFile; fileRef = 7CAAAD3C21B4574900FBF963 /* Extensions+UIView.swift */; };
		7CAAAD3F21B4583B00FBF963 /* Extensions+NSLayoutConstraint.swift in Sources */ = {isa = PBXBuildFile; fileRef = 7CAAAD3E21B4583B00FBF963 /* Extensions+NSLayoutConstraint.swift */; };
		7CAAAD4321B459D700FBF963 /* InfoUserTableViewCell.swift in Sources */ = {isa = PBXBuildFile; fileRef = 7CAAAD4121B459D700FBF963 /* InfoUserTableViewCell.swift */; };
		7CAAAD4421B459D700FBF963 /* InfoUserTableViewCell.xib in Resources */ = {isa = PBXBuildFile; fileRef = 7CAAAD4221B459D700FBF963 /* InfoUserTableViewCell.xib */; };
		7CAAAD4921B45D0000FBF963 /* HeightContainable.swift in Sources */ = {isa = PBXBuildFile; fileRef = 7CAAAD4821B45D0000FBF963 /* HeightContainable.swift */; };
		7CE1583021BED80D005449E5 /* HeaderTitleView.swift in Sources */ = {isa = PBXBuildFile; fileRef = 7CE1582F21BED80D005449E5 /* HeaderTitleView.swift */; };
		7CE1583221BED814005449E5 /* HeaderTitleView.xib in Resources */ = {isa = PBXBuildFile; fileRef = 7CE1583121BED814005449E5 /* HeaderTitleView.xib */; };
		7CE1583421BED940005449E5 /* CellHeaderProtocol.swift in Sources */ = {isa = PBXBuildFile; fileRef = 7CE1583321BED940005449E5 /* CellHeaderProtocol.swift */; };
		7CF5606921BEDD6A00A39099 /* SegmenterTableViewCell.swift in Sources */ = {isa = PBXBuildFile; fileRef = 7CF5606721BEDD6A00A39099 /* SegmenterTableViewCell.swift */; };
		7CF5606A21BEDD6A00A39099 /* SegmenterTableViewCell.xib in Resources */ = {isa = PBXBuildFile; fileRef = 7CF5606821BEDD6A00A39099 /* SegmenterTableViewCell.xib */; };
		7CF5606D21BEE1A300A39099 /* TextTableViewCell.swift in Sources */ = {isa = PBXBuildFile; fileRef = 7CF5606B21BEE1A300A39099 /* TextTableViewCell.swift */; };
		7CF5606E21BEE1A300A39099 /* TextTableViewCell.xib in Resources */ = {isa = PBXBuildFile; fileRef = 7CF5606C21BEE1A300A39099 /* TextTableViewCell.xib */; };
		7CF5607321BEE55B00A39099 /* TextFieldTableViewCell.swift in Sources */ = {isa = PBXBuildFile; fileRef = 7CF5607121BEE55B00A39099 /* TextFieldTableViewCell.swift */; };
		7CF5607421BEE55B00A39099 /* TextFieldTableViewCell.xib in Resources */ = {isa = PBXBuildFile; fileRef = 7CF5607221BEE55B00A39099 /* TextFieldTableViewCell.xib */; };
		B2972732B4C176570C356165 /* Pods_DKVK.framework in Frameworks */ = {isa = PBXBuildFile; fileRef = 22BBCB95EDE0DA29835604C1 /* Pods_DKVK.framework */; };
/* End PBXBuildFile section */

/* Begin PBXContainerItemProxy section */
		7CAAAD1421B44BD900FBF963 /* PBXContainerItemProxy */ = {
			isa = PBXContainerItemProxy;
			containerPortal = 7CAAACF721B44BD700FBF963 /* Project object */;
			proxyType = 1;
			remoteGlobalIDString = 7CAAACFE21B44BD700FBF963;
			remoteInfo = DKVK;
		};
/* End PBXContainerItemProxy section */

/* Begin PBXFileReference section */
		22BBCB95EDE0DA29835604C1 /* Pods_DKVK.framework */ = {isa = PBXFileReference; explicitFileType = wrapper.framework; includeInIndex = 0; path = Pods_DKVK.framework; sourceTree = BUILT_PRODUCTS_DIR; };
		54341E1F00487674AA461E73 /* Pods-DKVK.release.xcconfig */ = {isa = PBXFileReference; includeInIndex = 1; lastKnownFileType = text.xcconfig; name = "Pods-DKVK.release.xcconfig"; path = "Pods/Target Support Files/Pods-DKVK/Pods-DKVK.release.xcconfig"; sourceTree = "<group>"; };
		6C00BA0621EFC51700F95DEF /* ChatManager.swift */ = {isa = PBXFileReference; lastKnownFileType = sourcecode.swift; path = ChatManager.swift; sourceTree = "<group>"; };
		6C00BA0821EFC7B300F95DEF /* Chat.swift */ = {isa = PBXFileReference; lastKnownFileType = sourcecode.swift; path = Chat.swift; sourceTree = "<group>"; };
		6C25D60F21FCF2D50013E503 /* ChatController.swift */ = {isa = PBXFileReference; lastKnownFileType = sourcecode.swift; path = ChatController.swift; sourceTree = "<group>"; };
		6C25D61121FCF3EF0013E503 /* Lyfecycable.swift */ = {isa = PBXFileReference; lastKnownFileType = sourcecode.swift; path = Lyfecycable.swift; sourceTree = "<group>"; };
		6C9B045D2206209B00B69932 /* ChatDataProvider.swift */ = {isa = PBXFileReference; lastKnownFileType = sourcecode.swift; path = ChatDataProvider.swift; sourceTree = "<group>"; };
		6CBBFA2121EA7FA500DE78FD /* UserManager.swift */ = {isa = PBXFileReference; lastKnownFileType = sourcecode.swift; path = UserManager.swift; sourceTree = "<group>"; };
		6CCBE6EA21E8F9BF00B134FB /* ChatsViewController.swift */ = {isa = PBXFileReference; lastKnownFileType = sourcecode.swift; path = ChatsViewController.swift; sourceTree = "<group>"; };
		6CCBE6EB21E8F9BF00B134FB /* ChatsViewController.xib */ = {isa = PBXFileReference; lastKnownFileType = file.xib; path = ChatsViewController.xib; sourceTree = "<group>"; };
		6CCBE6EE21E907C000B134FB /* ChatViewController.swift */ = {isa = PBXFileReference; lastKnownFileType = sourcecode.swift; path = ChatViewController.swift; sourceTree = "<group>"; };
		6CCBE6EF21E907C000B134FB /* ChatViewController.xib */ = {isa = PBXFileReference; lastKnownFileType = file.xib; path = ChatViewController.xib; sourceTree = "<group>"; };
		6CCBE6F221E9082400B134FB /* CreatePostModel.swift */ = {isa = PBXFileReference; lastKnownFileType = sourcecode.swift; path = CreatePostModel.swift; sourceTree = "<group>"; };
		6CCBE6F421E9085B00B134FB /* Message.swift */ = {isa = PBXFileReference; lastKnownFileType = sourcecode.swift; path = Message.swift; sourceTree = "<group>"; };
		6CCBE6F621E9088300B134FB /* DKUser.swift */ = {isa = PBXFileReference; lastKnownFileType = sourcecode.swift; path = DKUser.swift; sourceTree = "<group>"; };
		6CCBE6F821E908B200B134FB /* CustomErrors.swift */ = {isa = PBXFileReference; lastKnownFileType = sourcecode.swift; path = CustomErrors.swift; sourceTree = "<group>"; };
		6CCBE6FA21E9094300B134FB /* Extension+UITextView.swift */ = {isa = PBXFileReference; lastKnownFileType = sourcecode.swift; path = "Extension+UITextView.swift"; sourceTree = "<group>"; };
		6CF7C50521DCC22D009F150A /* BiometricAuthManager.swift */ = {isa = PBXFileReference; lastKnownFileType = sourcecode.swift; path = BiometricAuthManager.swift; sourceTree = "<group>"; };
		6CF7C50721DCC261009F150A /* SecureStorageManager.swift */ = {isa = PBXFileReference; lastKnownFileType = sourcecode.swift; path = SecureStorageManager.swift; sourceTree = "<group>"; };
		6CF7C50921DCC27A009F150A /* PostManager.swift */ = {isa = PBXFileReference; lastKnownFileType = sourcecode.swift; path = PostManager.swift; sourceTree = "<group>"; };
		6CF7C50B21DCC2A2009F150A /* Post.swift */ = {isa = PBXFileReference; lastKnownFileType = sourcecode.swift; path = Post.swift; sourceTree = "<group>"; };
		6CF7C50D21DCC334009F150A /* FirebaseManager.swift */ = {isa = PBXFileReference; lastKnownFileType = sourcecode.swift; path = FirebaseManager.swift; sourceTree = "<group>"; };
		6CF7C51021DCC761009F150A /* PostTableViewCell.swift */ = {isa = PBXFileReference; lastKnownFileType = sourcecode.swift; path = PostTableViewCell.swift; sourceTree = "<group>"; };
		6CF7C51121DCC761009F150A /* PostTableViewCell.xib */ = {isa = PBXFileReference; lastKnownFileType = file.xib; path = PostTableViewCell.xib; sourceTree = "<group>"; };
		6CF8ADCF21D7C59900CD0064 /* Validator.swift */ = {isa = PBXFileReference; lastKnownFileType = sourcecode.swift; path = Validator.swift; sourceTree = "<group>"; };
		6CF8ADD121D7C91600CD0064 /* FirebaseResult.swift */ = {isa = PBXFileReference; lastKnownFileType = sourcecode.swift; path = FirebaseResult.swift; sourceTree = "<group>"; };
		6CF8ADD321D7CBF100CD0064 /* StorageManager.swift */ = {isa = PBXFileReference; lastKnownFileType = sourcecode.swift; path = StorageManager.swift; sourceTree = "<group>"; };
		6CF8ADD621D80BEB00CD0064 /* LoginViewController.swift */ = {isa = PBXFileReference; lastKnownFileType = sourcecode.swift; path = LoginViewController.swift; sourceTree = "<group>"; };
		6CF8ADD721D80BEB00CD0064 /* LoginViewController.xib */ = {isa = PBXFileReference; lastKnownFileType = file.xib; path = LoginViewController.xib; sourceTree = "<group>"; };
		6CF8ADDB21D80E0600CD0064 /* TextField.swift */ = {isa = PBXFileReference; lastKnownFileType = sourcecode.swift; path = TextField.swift; sourceTree = "<group>"; };
		6CF8ADDE21D815C400CD0064 /* FeedViewController.swift */ = {isa = PBXFileReference; lastKnownFileType = sourcecode.swift; path = FeedViewController.swift; sourceTree = "<group>"; };
		6CF8ADDF21D815C400CD0064 /* FeedViewController.xib */ = {isa = PBXFileReference; lastKnownFileType = file.xib; path = FeedViewController.xib; sourceTree = "<group>"; };
		6CF8ADE521D8173000CD0064 /* UserHeaderView.xib */ = {isa = PBXFileReference; lastKnownFileType = file.xib; path = UserHeaderView.xib; sourceTree = "<group>"; };
		6CF8ADE721D8186900CD0064 /* UserHeaderView.swift */ = {isa = PBXFileReference; lastKnownFileType = sourcecode.swift; path = UserHeaderView.swift; sourceTree = "<group>"; };
		6CF9CAB321EB7EF200936690 /* CreatePostViewController.swift */ = {isa = PBXFileReference; lastKnownFileType = sourcecode.swift; path = CreatePostViewController.swift; sourceTree = "<group>"; };
		6CF9CAB421EB7EF200936690 /* CreatePostViewController.xib */ = {isa = PBXFileReference; lastKnownFileType = file.xib; path = CreatePostViewController.xib; sourceTree = "<group>"; };
		6CFC02F721DD483A008577CE /* Extensions+Decodable.swift */ = {isa = PBXFileReference; lastKnownFileType = sourcecode.swift; path = "Extensions+Decodable.swift"; sourceTree = "<group>"; };
		6CFC02F921DD4858008577CE /* Extensions+Encodable.swift */ = {isa = PBXFileReference; lastKnownFileType = sourcecode.swift; path = "Extensions+Encodable.swift"; sourceTree = "<group>"; };
		6CFDC8B321D3C2C300232DBD /* Typealiases.swift */ = {isa = PBXFileReference; lastKnownFileType = sourcecode.swift; path = Typealiases.swift; sourceTree = "<group>"; };
		6CFDC8B521D3C45000232DBD /* GoogleService-Info.plist */ = {isa = PBXFileReference; fileEncoding = 4; lastKnownFileType = text.plist.xml; path = "GoogleService-Info.plist"; sourceTree = "<group>"; };
		7C61EA3221C6BECD00D1BA6A /* RegisterModel.swift */ = {isa = PBXFileReference; lastKnownFileType = sourcecode.swift; path = RegisterModel.swift; sourceTree = "<group>"; };
		7C61EA3421C6BF1300D1BA6A /* Sex.swift */ = {isa = PBXFileReference; lastKnownFileType = sourcecode.swift; path = Sex.swift; sourceTree = "<group>"; };
		7C61EA3621C6C06100D1BA6A /* Extensions+UIViewController.swift */ = {isa = PBXFileReference; lastKnownFileType = sourcecode.swift; path = "Extensions+UIViewController.swift"; sourceTree = "<group>"; };
		7C61EA3921C6C7C300D1BA6A /* AuthManager.swift */ = {isa = PBXFileReference; lastKnownFileType = sourcecode.swift; path = AuthManager.swift; sourceTree = "<group>"; };
		7C9937D521C6C99A0063AD5B /* Utilites.swift */ = {isa = PBXFileReference; lastKnownFileType = sourcecode.swift; path = Utilites.swift; sourceTree = "<group>"; };
		7CAAACFF21B44BD700FBF963 /* DKVK.app */ = {isa = PBXFileReference; explicitFileType = wrapper.application; includeInIndex = 0; path = DKVK.app; sourceTree = BUILT_PRODUCTS_DIR; };
		7CAAAD0221B44BD700FBF963 /* AppDelegate.swift */ = {isa = PBXFileReference; lastKnownFileType = sourcecode.swift; path = AppDelegate.swift; sourceTree = "<group>"; };
		7CAAAD0421B44BD700FBF963 /* ViewController.swift */ = {isa = PBXFileReference; lastKnownFileType = sourcecode.swift; path = ViewController.swift; sourceTree = "<group>"; };
		7CAAAD0921B44BD900FBF963 /* Assets.xcassets */ = {isa = PBXFileReference; lastKnownFileType = folder.assetcatalog; path = Assets.xcassets; sourceTree = "<group>"; };
		7CAAAD0C21B44BD900FBF963 /* Base */ = {isa = PBXFileReference; lastKnownFileType = file.storyboard; name = Base; path = Base.lproj/LaunchScreen.storyboard; sourceTree = "<group>"; };
		7CAAAD0E21B44BD900FBF963 /* Info.plist */ = {isa = PBXFileReference; lastKnownFileType = text.plist.xml; path = Info.plist; sourceTree = "<group>"; };
		7CAAAD1321B44BD900FBF963 /* DKVKTests.xctest */ = {isa = PBXFileReference; explicitFileType = wrapper.cfbundle; includeInIndex = 0; path = DKVKTests.xctest; sourceTree = BUILT_PRODUCTS_DIR; };
		7CAAAD1721B44BD900FBF963 /* DKVKTests.swift */ = {isa = PBXFileReference; lastKnownFileType = sourcecode.swift; path = DKVKTests.swift; sourceTree = "<group>"; };
		7CAAAD1921B44BD900FBF963 /* Info.plist */ = {isa = PBXFileReference; lastKnownFileType = text.plist.xml; path = Info.plist; sourceTree = "<group>"; };
		7CAAAD2221B44C3F00FBF963 /* ViewController.xib */ = {isa = PBXFileReference; lastKnownFileType = file.xib; path = ViewController.xib; sourceTree = "<group>"; };
		7CAAAD2921B44DBC00FBF963 /* Router.swift */ = {isa = PBXFileReference; lastKnownFileType = sourcecode.swift; path = Router.swift; sourceTree = "<group>"; };
		7CAAAD2B21B4538B00FBF963 /* StartRouter.swift */ = {isa = PBXFileReference; lastKnownFileType = sourcecode.swift; path = StartRouter.swift; sourceTree = "<group>"; };
		7CAAAD2E21B4545F00FBF963 /* RegisterViewController.swift */ = {isa = PBXFileReference; lastKnownFileType = sourcecode.swift; path = RegisterViewController.swift; sourceTree = "<group>"; };
		7CAAAD2F21B4545F00FBF963 /* RegisterViewController.xib */ = {isa = PBXFileReference; lastKnownFileType = file.xib; path = RegisterViewController.xib; sourceTree = "<group>"; };
		7CAAAD3421B4552400FBF963 /* PhotoView.swift */ = {isa = PBXFileReference; lastKnownFileType = sourcecode.swift; path = PhotoView.swift; sourceTree = "<group>"; };
		7CAAAD3921B4555200FBF963 /* NibLoadable.swift */ = {isa = PBXFileReference; lastKnownFileType = sourcecode.swift; path = NibLoadable.swift; sourceTree = "<group>"; };
		7CAAAD3C21B4574900FBF963 /* Extensions+UIView.swift */ = {isa = PBXFileReference; lastKnownFileType = sourcecode.swift; path = "Extensions+UIView.swift"; sourceTree = "<group>"; };
		7CAAAD3E21B4583B00FBF963 /* Extensions+NSLayoutConstraint.swift */ = {isa = PBXFileReference; lastKnownFileType = sourcecode.swift; path = "Extensions+NSLayoutConstraint.swift"; sourceTree = "<group>"; };
		7CAAAD4121B459D700FBF963 /* InfoUserTableViewCell.swift */ = {isa = PBXFileReference; lastKnownFileType = sourcecode.swift; path = InfoUserTableViewCell.swift; sourceTree = "<group>"; };
		7CAAAD4221B459D700FBF963 /* InfoUserTableViewCell.xib */ = {isa = PBXFileReference; lastKnownFileType = file.xib; path = InfoUserTableViewCell.xib; sourceTree = "<group>"; };
		7CAAAD4821B45D0000FBF963 /* HeightContainable.swift */ = {isa = PBXFileReference; lastKnownFileType = sourcecode.swift; path = HeightContainable.swift; sourceTree = "<group>"; };
		7CE1582F21BED80D005449E5 /* HeaderTitleView.swift */ = {isa = PBXFileReference; lastKnownFileType = sourcecode.swift; path = HeaderTitleView.swift; sourceTree = "<group>"; };
		7CE1583121BED814005449E5 /* HeaderTitleView.xib */ = {isa = PBXFileReference; lastKnownFileType = file.xib; path = HeaderTitleView.xib; sourceTree = "<group>"; };
		7CE1583321BED940005449E5 /* CellHeaderProtocol.swift */ = {isa = PBXFileReference; lastKnownFileType = sourcecode.swift; path = CellHeaderProtocol.swift; sourceTree = "<group>"; };
		7CF5606721BEDD6A00A39099 /* SegmenterTableViewCell.swift */ = {isa = PBXFileReference; lastKnownFileType = sourcecode.swift; path = SegmenterTableViewCell.swift; sourceTree = "<group>"; };
		7CF5606821BEDD6A00A39099 /* SegmenterTableViewCell.xib */ = {isa = PBXFileReference; lastKnownFileType = file.xib; path = SegmenterTableViewCell.xib; sourceTree = "<group>"; };
		7CF5606B21BEE1A300A39099 /* TextTableViewCell.swift */ = {isa = PBXFileReference; lastKnownFileType = sourcecode.swift; path = TextTableViewCell.swift; sourceTree = "<group>"; };
		7CF5606C21BEE1A300A39099 /* TextTableViewCell.xib */ = {isa = PBXFileReference; lastKnownFileType = file.xib; path = TextTableViewCell.xib; sourceTree = "<group>"; };
		7CF5607121BEE55B00A39099 /* TextFieldTableViewCell.swift */ = {isa = PBXFileReference; lastKnownFileType = sourcecode.swift; path = TextFieldTableViewCell.swift; sourceTree = "<group>"; };
		7CF5607221BEE55B00A39099 /* TextFieldTableViewCell.xib */ = {isa = PBXFileReference; lastKnownFileType = file.xib; path = TextFieldTableViewCell.xib; sourceTree = "<group>"; };
		E58DFCAA07766F1306BE98CE /* Pods-DKVK.debug.xcconfig */ = {isa = PBXFileReference; includeInIndex = 1; lastKnownFileType = text.xcconfig; name = "Pods-DKVK.debug.xcconfig"; path = "Pods/Target Support Files/Pods-DKVK/Pods-DKVK.debug.xcconfig"; sourceTree = "<group>"; };
/* End PBXFileReference section */

/* Begin PBXFrameworksBuildPhase section */
		7CAAACFC21B44BD700FBF963 /* Frameworks */ = {
			isa = PBXFrameworksBuildPhase;
			buildActionMask = 2147483647;
			files = (
				B2972732B4C176570C356165 /* Pods_DKVK.framework in Frameworks */,
			);
			runOnlyForDeploymentPostprocessing = 0;
		};
		7CAAAD1021B44BD900FBF963 /* Frameworks */ = {
			isa = PBXFrameworksBuildPhase;
			buildActionMask = 2147483647;
			files = (
			);
			runOnlyForDeploymentPostprocessing = 0;
		};
/* End PBXFrameworksBuildPhase section */

/* Begin PBXGroup section */
		0395D6427AA8AF3170179E07 /* Frameworks */ = {
			isa = PBXGroup;
			children = (
				22BBCB95EDE0DA29835604C1 /* Pods_DKVK.framework */,
			);
			name = Frameworks;
			sourceTree = "<group>";
		};
		6CCBE6E421E8F7F900B134FB /* Chats */ = {
			isa = PBXGroup;
			children = (
				6CCBE6EA21E8F9BF00B134FB /* ChatsViewController.swift */,
				6CCBE6EB21E8F9BF00B134FB /* ChatsViewController.xib */,
			);
			path = Chats;
			sourceTree = "<group>";
		};
		6CCBE6E521E8F83F00B134FB /* CreatePos */ = {
			isa = PBXGroup;
			children = (
				6CF9CAB321EB7EF200936690 /* CreatePostViewController.swift */,
				6CF9CAB421EB7EF200936690 /* CreatePostViewController.xib */,
			);
			name = CreatePos;
			sourceTree = "<group>";
		};
		6CF7C50F21DCC747009F150A /* Post */ = {
			isa = PBXGroup;
			children = (
				6CF7C51021DCC761009F150A /* PostTableViewCell.swift */,
				6CF7C51121DCC761009F150A /* PostTableViewCell.xib */,
			);
			path = Post;
			sourceTree = "<group>";
		};
		6CF7C51421DCCA43009F150A /* Chat */ = {
			isa = PBXGroup;
			children = (
				6CCBE6EE21E907C000B134FB /* ChatViewController.swift */,
				6C25D60F21FCF2D50013E503 /* ChatController.swift */,
				6C9B045D2206209B00B69932 /* ChatDataProvider.swift */,
				6CCBE6EF21E907C000B134FB /* ChatViewController.xib */,
			);
			path = Chat;
			sourceTree = "<group>";
		};
		6CF8ADD521D80BB800CD0064 /* Login */ = {
			isa = PBXGroup;
			children = (
				6CF8ADD621D80BEB00CD0064 /* LoginViewController.swift */,
				6CF8ADD721D80BEB00CD0064 /* LoginViewController.xib */,
			);
			path = Login;
			sourceTree = "<group>";
		};
		6CF8ADDA21D80DD700CD0064 /* Text Fields */ = {
			isa = PBXGroup;
			children = (
				6CF8ADDB21D80E0600CD0064 /* TextField.swift */,
			);
			path = "Text Fields";
			sourceTree = "<group>";
		};
		6CF8ADDD21D8155A00CD0064 /* Feed */ = {
			isa = PBXGroup;
			children = (
				6CF8ADDE21D815C400CD0064 /* FeedViewController.swift */,
				6CF8ADDF21D815C400CD0064 /* FeedViewController.xib */,
			);
			path = Feed;
			sourceTree = "<group>";
		};
		6CF8ADE221D816E800CD0064 /* User Header */ = {
			isa = PBXGroup;
			children = (
				6CF8ADE721D8186900CD0064 /* UserHeaderView.swift */,
				6CF8ADE521D8173000CD0064 /* UserHeaderView.xib */,
			);
			path = "User Header";
			sourceTree = "<group>";
		};
		7C61EA3121C6BEBD00D1BA6A /* Models */ = {
			isa = PBXGroup;
			children = (
				7C61EA3221C6BECD00D1BA6A /* RegisterModel.swift */,
				7C61EA3421C6BF1300D1BA6A /* Sex.swift */,
				6CF8ADD121D7C91600CD0064 /* FirebaseResult.swift */,
				6CF7C50B21DCC2A2009F150A /* Post.swift */,
				6CCBE6F221E9082400B134FB /* CreatePostModel.swift */,
				6CCBE6F421E9085B00B134FB /* Message.swift */,
				6CCBE6F621E9088300B134FB /* DKUser.swift */,
				6CCBE6F821E908B200B134FB /* CustomErrors.swift */,
				6C00BA0821EFC7B300F95DEF /* Chat.swift */,
			);
			path = Models;
			sourceTree = "<group>";
		};
		7C61EA3821C6C7A400D1BA6A /* Manager */ = {
			isa = PBXGroup;
			children = (
				7C61EA3921C6C7C300D1BA6A /* AuthManager.swift */,
				6CF7C50D21DCC334009F150A /* FirebaseManager.swift */,
				6CF7C50921DCC27A009F150A /* PostManager.swift */,
				6CF8ADD321D7CBF100CD0064 /* StorageManager.swift */,
				6CF7C50721DCC261009F150A /* SecureStorageManager.swift */,
				6CF7C50521DCC22D009F150A /* BiometricAuthManager.swift */,
				6CBBFA2121EA7FA500DE78FD /* UserManager.swift */,
				6C00BA0621EFC51700F95DEF /* ChatManager.swift */,
			);
			path = Manager;
			sourceTree = "<group>";
		};
		7C9937D421C6C9900063AD5B /* Help files */ = {
			isa = PBXGroup;
			children = (
				7C9937D521C6C99A0063AD5B /* Utilites.swift */,
				6CF8ADCF21D7C59900CD0064 /* Validator.swift */,
			);
			path = "Help files";
			sourceTree = "<group>";
		};
		7CAAACF621B44BD700FBF963 = {
			isa = PBXGroup;
			children = (
				7CAAAD0121B44BD700FBF963 /* DKVK */,
				7CAAAD1621B44BD900FBF963 /* DKVKTests */,
				7CAAAD0021B44BD700FBF963 /* Products */,
				A8495B5689BA07393C78B0CD /* Pods */,
				0395D6427AA8AF3170179E07 /* Frameworks */,
			);
			sourceTree = "<group>";
		};
		7CAAAD0021B44BD700FBF963 /* Products */ = {
			isa = PBXGroup;
			children = (
				7CAAACFF21B44BD700FBF963 /* DKVK.app */,
				7CAAAD1321B44BD900FBF963 /* DKVKTests.xctest */,
			);
			name = Products;
			sourceTree = "<group>";
		};
		7CAAAD0121B44BD700FBF963 /* DKVK */ = {
			isa = PBXGroup;
			children = (
				7CAAAD2421B44D6500FBF963 /* Classes */,
				7CAAAD2521B44D7E00FBF963 /* Resources */,
			);
			path = DKVK;
			sourceTree = "<group>";
		};
		7CAAAD1621B44BD900FBF963 /* DKVKTests */ = {
			isa = PBXGroup;
			children = (
				7CAAAD1721B44BD900FBF963 /* DKVKTests.swift */,
				7CAAAD1921B44BD900FBF963 /* Info.plist */,
			);
			path = DKVKTests;
			sourceTree = "<group>";
		};
		7CAAAD2421B44D6500FBF963 /* Classes */ = {
			isa = PBXGroup;
			children = (
				7CAAAD0221B44BD700FBF963 /* AppDelegate.swift */,
				7C9937D421C6C9900063AD5B /* Help files */,
				7C61EA3821C6C7A400D1BA6A /* Manager */,
				7C61EA3121C6BEBD00D1BA6A /* Models */,
				7CAAAD3B21B4573700FBF963 /* Extensions */,
				7CAAAD3821B4554400FBF963 /* Protocols */,
				7CAAAD2821B44D9A00FBF963 /* Routers */,
				7CAAAD2721B44D9100FBF963 /* Screens */,
				7CAAAD3221B454D900FBF963 /* Custom Views */,
			);
			path = Classes;
			sourceTree = "<group>";
		};
		7CAAAD2521B44D7E00FBF963 /* Resources */ = {
			isa = PBXGroup;
			children = (
				7CAAAD0921B44BD900FBF963 /* Assets.xcassets */,
				7CAAAD0E21B44BD900FBF963 /* Info.plist */,
				6CFDC8B521D3C45000232DBD /* GoogleService-Info.plist */,
				7CAAAD0B21B44BD900FBF963 /* LaunchScreen.storyboard */,
			);
			path = Resources;
			sourceTree = "<group>";
		};
		7CAAAD2621B44D8A00FBF963 /* Start */ = {
			isa = PBXGroup;
			children = (
				7CAAAD0421B44BD700FBF963 /* ViewController.swift */,
				7CAAAD2221B44C3F00FBF963 /* ViewController.xib */,
			);
			path = Start;
			sourceTree = "<group>";
		};
		7CAAAD2721B44D9100FBF963 /* Screens */ = {
			isa = PBXGroup;
			children = (
				6CF7C51421DCCA43009F150A /* Chat */,
				6CCBE6E421E8F7F900B134FB /* Chats */,
				6CCBE6E521E8F83F00B134FB /* CreatePos */,
				6CF8ADDD21D8155A00CD0064 /* Feed */,
				6CF8ADD521D80BB800CD0064 /* Login */,
				7CAAAD2D21B4544B00FBF963 /* Register */,
				7CAAAD2621B44D8A00FBF963 /* Start */,
			);
			path = Screens;
			sourceTree = "<group>";
		};
		7CAAAD2821B44D9A00FBF963 /* Routers */ = {
			isa = PBXGroup;
			children = (
				7CAAAD2921B44DBC00FBF963 /* Router.swift */,
				7CAAAD2B21B4538B00FBF963 /* StartRouter.swift */,
			);
			path = Routers;
			sourceTree = "<group>";
		};
		7CAAAD2D21B4544B00FBF963 /* Register */ = {
			isa = PBXGroup;
			children = (
				7CAAAD2E21B4545F00FBF963 /* RegisterViewController.swift */,
				7CAAAD2F21B4545F00FBF963 /* RegisterViewController.xib */,
			);
			path = Register;
			sourceTree = "<group>";
		};
		7CAAAD3221B454D900FBF963 /* Custom Views */ = {
			isa = PBXGroup;
			children = (
				6CF8ADE221D816E800CD0064 /* User Header */,
				6CF8ADDA21D80DD700CD0064 /* Text Fields */,
				7CE1582E21BED7F8005449E5 /* Header TItle View */,
				7CAAAD4021B4599300FBF963 /* Cells */,
				7CAAAD3321B454FC00FBF963 /* Photo View */,
			);
			path = "Custom Views";
			sourceTree = "<group>";
		};
		7CAAAD3321B454FC00FBF963 /* Photo View */ = {
			isa = PBXGroup;
			children = (
				7CAAAD3421B4552400FBF963 /* PhotoView.swift */,
			);
			path = "Photo View";
			sourceTree = "<group>";
		};
		7CAAAD3821B4554400FBF963 /* Protocols */ = {
			isa = PBXGroup;
			children = (
				7CAAAD3921B4555200FBF963 /* NibLoadable.swift */,
				7CE1583321BED940005449E5 /* CellHeaderProtocol.swift */,
				7CAAAD4821B45D0000FBF963 /* HeightContainable.swift */,
				6CFDC8B321D3C2C300232DBD /* Typealiases.swift */,
				6C25D61121FCF3EF0013E503 /* Lyfecycable.swift */,
			);
			path = Protocols;
			sourceTree = "<group>";
		};
		7CAAAD3B21B4573700FBF963 /* Extensions */ = {
			isa = PBXGroup;
			children = (
				7CAAAD3C21B4574900FBF963 /* Extensions+UIView.swift */,
				7C61EA3621C6C06100D1BA6A /* Extensions+UIViewController.swift */,
				7CAAAD3E21B4583B00FBF963 /* Extensions+NSLayoutConstraint.swift */,
				6CFC02F721DD483A008577CE /* Extensions+Decodable.swift */,
				6CFC02F921DD4858008577CE /* Extensions+Encodable.swift */,
				6CCBE6FA21E9094300B134FB /* Extension+UITextView.swift */,
			);
			path = Extensions;
			sourceTree = "<group>";
		};
		7CAAAD4021B4599300FBF963 /* Cells */ = {
			isa = PBXGroup;
			children = (
				7CF5607021BEE50100A39099 /* Text Field Cell */,
				7CF5606621BEDD4E00A39099 /* Segmenter Cell */,
				7CE1583521BEDCF0005449E5 /* Info User Cell */,
				7CF5606F21BEE1A700A39099 /* Text Cell */,
				6CF7C50F21DCC747009F150A /* Post */,
			);
			path = Cells;
			sourceTree = "<group>";
		};
		7CE1582E21BED7F8005449E5 /* Header TItle View */ = {
			isa = PBXGroup;
			children = (
				7CE1582F21BED80D005449E5 /* HeaderTitleView.swift */,
				7CE1583121BED814005449E5 /* HeaderTitleView.xib */,
			);
			path = "Header TItle View";
			sourceTree = "<group>";
		};
		7CE1583521BEDCF0005449E5 /* Info User Cell */ = {
			isa = PBXGroup;
			children = (
				7CAAAD4121B459D700FBF963 /* InfoUserTableViewCell.swift */,
				7CAAAD4221B459D700FBF963 /* InfoUserTableViewCell.xib */,
			);
			path = "Info User Cell";
			sourceTree = "<group>";
		};
		7CF5606621BEDD4E00A39099 /* Segmenter Cell */ = {
			isa = PBXGroup;
			children = (
				7CF5606721BEDD6A00A39099 /* SegmenterTableViewCell.swift */,
				7CF5606821BEDD6A00A39099 /* SegmenterTableViewCell.xib */,
			);
			path = "Segmenter Cell";
			sourceTree = "<group>";
		};
		7CF5606F21BEE1A700A39099 /* Text Cell */ = {
			isa = PBXGroup;
			children = (
				7CF5606B21BEE1A300A39099 /* TextTableViewCell.swift */,
				7CF5606C21BEE1A300A39099 /* TextTableViewCell.xib */,
			);
			path = "Text Cell";
			sourceTree = "<group>";
		};
		7CF5607021BEE50100A39099 /* Text Field Cell */ = {
			isa = PBXGroup;
			children = (
				7CF5607121BEE55B00A39099 /* TextFieldTableViewCell.swift */,
				7CF5607221BEE55B00A39099 /* TextFieldTableViewCell.xib */,
			);
			path = "Text Field Cell";
			sourceTree = "<group>";
		};
		A8495B5689BA07393C78B0CD /* Pods */ = {
			isa = PBXGroup;
			children = (
				E58DFCAA07766F1306BE98CE /* Pods-DKVK.debug.xcconfig */,
				54341E1F00487674AA461E73 /* Pods-DKVK.release.xcconfig */,
			);
			name = Pods;
			sourceTree = "<group>";
		};
/* End PBXGroup section */

/* Begin PBXNativeTarget section */
		7CAAACFE21B44BD700FBF963 /* DKVK */ = {
			isa = PBXNativeTarget;
			buildConfigurationList = 7CAAAD1C21B44BD900FBF963 /* Build configuration list for PBXNativeTarget "DKVK" */;
			buildPhases = (
				00834B0EEB4FA0CF5854FC68 /* [CP] Check Pods Manifest.lock */,
				7CAAACFB21B44BD700FBF963 /* Sources */,
				7CAAACFC21B44BD700FBF963 /* Frameworks */,
				7CAAACFD21B44BD700FBF963 /* Resources */,
				AC4BB87B192350FB6E2799E3 /* [CP] Embed Pods Frameworks */,
			);
			buildRules = (
			);
			dependencies = (
			);
			name = DKVK;
			productName = DKVK;
			productReference = 7CAAACFF21B44BD700FBF963 /* DKVK.app */;
			productType = "com.apple.product-type.application";
		};
		7CAAAD1221B44BD900FBF963 /* DKVKTests */ = {
			isa = PBXNativeTarget;
			buildConfigurationList = 7CAAAD1F21B44BD900FBF963 /* Build configuration list for PBXNativeTarget "DKVKTests" */;
			buildPhases = (
				7CAAAD0F21B44BD900FBF963 /* Sources */,
				7CAAAD1021B44BD900FBF963 /* Frameworks */,
				7CAAAD1121B44BD900FBF963 /* Resources */,
			);
			buildRules = (
			);
			dependencies = (
				7CAAAD1521B44BD900FBF963 /* PBXTargetDependency */,
			);
			name = DKVKTests;
			productName = DKVKTests;
			productReference = 7CAAAD1321B44BD900FBF963 /* DKVKTests.xctest */;
			productType = "com.apple.product-type.bundle.unit-test";
		};
/* End PBXNativeTarget section */

/* Begin PBXProject section */
		7CAAACF721B44BD700FBF963 /* Project object */ = {
			isa = PBXProject;
			attributes = {
				LastSwiftUpdateCheck = 1010;
				LastUpgradeCheck = 1010;
				ORGANIZATIONNAME = Hadevs;
				TargetAttributes = {
					7CAAACFE21B44BD700FBF963 = {
						CreatedOnToolsVersion = 10.1;
					};
					7CAAAD1221B44BD900FBF963 = {
						CreatedOnToolsVersion = 10.1;
						TestTargetID = 7CAAACFE21B44BD700FBF963;
					};
				};
			};
			buildConfigurationList = 7CAAACFA21B44BD700FBF963 /* Build configuration list for PBXProject "DKVK" */;
			compatibilityVersion = "Xcode 9.3";
			developmentRegion = en;
			hasScannedForEncodings = 0;
			knownRegions = (
				en,
				Base,
			);
			mainGroup = 7CAAACF621B44BD700FBF963;
			productRefGroup = 7CAAAD0021B44BD700FBF963 /* Products */;
			projectDirPath = "";
			projectRoot = "";
			targets = (
				7CAAACFE21B44BD700FBF963 /* DKVK */,
				7CAAAD1221B44BD900FBF963 /* DKVKTests */,
			);
		};
/* End PBXProject section */

/* Begin PBXResourcesBuildPhase section */
		7CAAACFD21B44BD700FBF963 /* Resources */ = {
			isa = PBXResourcesBuildPhase;
			buildActionMask = 2147483647;
			files = (
				7CF5606A21BEDD6A00A39099 /* SegmenterTableViewCell.xib in Resources */,
				7CAAAD4421B459D700FBF963 /* InfoUserTableViewCell.xib in Resources */,
				6CCBE6F121E907C000B134FB /* ChatViewController.xib in Resources */,
				6CF8ADD921D80BEB00CD0064 /* LoginViewController.xib in Resources */,
				7CE1583221BED814005449E5 /* HeaderTitleView.xib in Resources */,
				6CF8ADE621D8173000CD0064 /* UserHeaderView.xib in Resources */,
				7CAAAD0D21B44BD900FBF963 /* LaunchScreen.storyboard in Resources */,
				6CF9CAB621EB7EF200936690 /* CreatePostViewController.xib in Resources */,
				7CAAAD2321B44C3F00FBF963 /* ViewController.xib in Resources */,
				7CAAAD0A21B44BD900FBF963 /* Assets.xcassets in Resources */,
				7CAAAD3121B4545F00FBF963 /* RegisterViewController.xib in Resources */,
				6CFDC8B621D3C45000232DBD /* GoogleService-Info.plist in Resources */,
				7CF5607421BEE55B00A39099 /* TextFieldTableViewCell.xib in Resources */,
				6CF7C51321DCC761009F150A /* PostTableViewCell.xib in Resources */,
				6CCBE6ED21E8F9BF00B134FB /* ChatsViewController.xib in Resources */,
				6CF8ADE121D815C400CD0064 /* FeedViewController.xib in Resources */,
				7CF5606E21BEE1A300A39099 /* TextTableViewCell.xib in Resources */,
			);
			runOnlyForDeploymentPostprocessing = 0;
		};
		7CAAAD1121B44BD900FBF963 /* Resources */ = {
			isa = PBXResourcesBuildPhase;
			buildActionMask = 2147483647;
			files = (
			);
			runOnlyForDeploymentPostprocessing = 0;
		};
/* End PBXResourcesBuildPhase section */

/* Begin PBXShellScriptBuildPhase section */
		00834B0EEB4FA0CF5854FC68 /* [CP] Check Pods Manifest.lock */ = {
			isa = PBXShellScriptBuildPhase;
			buildActionMask = 2147483647;
			files = (
			);
			inputPaths = (
				"${PODS_PODFILE_DIR_PATH}/Podfile.lock",
				"${PODS_ROOT}/Manifest.lock",
			);
			name = "[CP] Check Pods Manifest.lock";
			outputPaths = (
				"$(DERIVED_FILE_DIR)/Pods-DKVK-checkManifestLockResult.txt",
			);
			runOnlyForDeploymentPostprocessing = 0;
			shellPath = /bin/sh;
			shellScript = "diff \"${PODS_PODFILE_DIR_PATH}/Podfile.lock\" \"${PODS_ROOT}/Manifest.lock\" > /dev/null\nif [ $? != 0 ] ; then\n    # print error to STDERR\n    echo \"error: The sandbox is not in sync with the Podfile.lock. Run 'pod install' or update your CocoaPods installation.\" >&2\n    exit 1\nfi\n# This output is used by Xcode 'outputs' to avoid re-running this script phase.\necho \"SUCCESS\" > \"${SCRIPT_OUTPUT_FILE_0}\"\n";
			showEnvVarsInLog = 0;
		};
		AC4BB87B192350FB6E2799E3 /* [CP] Embed Pods Frameworks */ = {
			isa = PBXShellScriptBuildPhase;
			buildActionMask = 2147483647;
			files = (
			);
			inputPaths = (
				"${SRCROOT}/Pods/Target Support Files/Pods-DKVK/Pods-DKVK-frameworks.sh",
				"${BUILT_PRODUCTS_DIR}/ARSLineProgress/ARSLineProgress.framework",
				"${BUILT_PRODUCTS_DIR}/GTMSessionFetcher/GTMSessionFetcher.framework",
				"${BUILT_PRODUCTS_DIR}/GoogleUtilities/GoogleUtilities.framework",
				"${BUILT_PRODUCTS_DIR}/Locksmith/Locksmith.framework",
				"${BUILT_PRODUCTS_DIR}/leveldb-library/leveldb.framework",
				"${BUILT_PRODUCTS_DIR}/nanopb/nanopb.framework",
			);
			name = "[CP] Embed Pods Frameworks";
			outputPaths = (
				"${TARGET_BUILD_DIR}/${FRAMEWORKS_FOLDER_PATH}/ARSLineProgress.framework",
				"${TARGET_BUILD_DIR}/${FRAMEWORKS_FOLDER_PATH}/GTMSessionFetcher.framework",
				"${TARGET_BUILD_DIR}/${FRAMEWORKS_FOLDER_PATH}/GoogleUtilities.framework",
				"${TARGET_BUILD_DIR}/${FRAMEWORKS_FOLDER_PATH}/Locksmith.framework",
				"${TARGET_BUILD_DIR}/${FRAMEWORKS_FOLDER_PATH}/leveldb.framework",
				"${TARGET_BUILD_DIR}/${FRAMEWORKS_FOLDER_PATH}/nanopb.framework",
			);
			runOnlyForDeploymentPostprocessing = 0;
			shellPath = /bin/sh;
			shellScript = "\"${SRCROOT}/Pods/Target Support Files/Pods-DKVK/Pods-DKVK-frameworks.sh\"\n";
			showEnvVarsInLog = 0;
		};
/* End PBXShellScriptBuildPhase section */

/* Begin PBXSourcesBuildPhase section */
		7CAAACFB21B44BD700FBF963 /* Sources */ = {
			isa = PBXSourcesBuildPhase;
			buildActionMask = 2147483647;
			files = (
				6CF8ADD821D80BEB00CD0064 /* LoginViewController.swift in Sources */,
				6CCBE6F921E908B200B134FB /* CustomErrors.swift in Sources */,
				6C25D61021FCF2D50013E503 /* ChatController.swift in Sources */,
				7CF5607321BEE55B00A39099 /* TextFieldTableViewCell.swift in Sources */,
				6CF7C50E21DCC334009F150A /* FirebaseManager.swift in Sources */,
				7C61EA3A21C6C7C300D1BA6A /* AuthManager.swift in Sources */,
				6CF8ADDC21D80E0600CD0064 /* TextField.swift in Sources */,
				6CF8ADE821D8186900CD0064 /* UserHeaderView.swift in Sources */,
				6CCBE6F021E907C000B134FB /* ChatViewController.swift in Sources */,
				6CF9CAB521EB7EF200936690 /* CreatePostViewController.swift in Sources */,
				7CE1583421BED940005449E5 /* CellHeaderProtocol.swift in Sources */,
				6C00BA0721EFC51700F95DEF /* ChatManager.swift in Sources */,
				7CAAAD3F21B4583B00FBF963 /* Extensions+NSLayoutConstraint.swift in Sources */,
				7C9937D621C6C99A0063AD5B /* Utilites.swift in Sources */,
				6CCBE6F521E9085B00B134FB /* Message.swift in Sources */,
				6CF7C50A21DCC27A009F150A /* PostManager.swift in Sources */,
				6CFC02FA21DD4858008577CE /* Extensions+Encodable.swift in Sources */,
				6C9B045E2206209B00B69932 /* ChatDataProvider.swift in Sources */,
				6C25D61221FCF3EF0013E503 /* Lyfecycable.swift in Sources */,
				7CAAAD0521B44BD700FBF963 /* ViewController.swift in Sources */,
				6CF8ADD221D7C91600CD0064 /* FirebaseResult.swift in Sources */,
				7CAAAD3021B4545F00FBF963 /* RegisterViewController.swift in Sources */,
				6CCBE6FB21E9094300B134FB /* Extension+UITextView.swift in Sources */,
				7CAAAD3A21B4555200FBF963 /* NibLoadable.swift in Sources */,
				6CCBE6F721E9088300B134FB /* DKUser.swift in Sources */,
				6CF7C50821DCC261009F150A /* SecureStorageManager.swift in Sources */,
				7CAAAD4321B459D700FBF963 /* InfoUserTableViewCell.swift in Sources */,
				7CAAAD2A21B44DBC00FBF963 /* Router.swift in Sources */,
				7C61EA3321C6BECD00D1BA6A /* RegisterModel.swift in Sources */,
				7CE1583021BED80D005449E5 /* HeaderTitleView.swift in Sources */,
				6CCBE6F321E9082400B134FB /* CreatePostModel.swift in Sources */,
				6CFC02F821DD483A008577CE /* Extensions+Decodable.swift in Sources */,
				6CF7C50621DCC22D009F150A /* BiometricAuthManager.swift in Sources */,
				7CAAAD4921B45D0000FBF963 /* HeightContainable.swift in Sources */,
				6CBBFA2221EA7FA500DE78FD /* UserManager.swift in Sources */,
				7CAAAD3521B4552400FBF963 /* PhotoView.swift in Sources */,
				6CF7C50C21DCC2A2009F150A /* Post.swift in Sources */,
				7C61EA3721C6C06100D1BA6A /* Extensions+UIViewController.swift in Sources */,
				6CCBE6EC21E8F9BF00B134FB /* ChatsViewController.swift in Sources */,
				6CF8ADE021D815C400CD0064 /* FeedViewController.swift in Sources */,
				6C00BA0921EFC7B300F95DEF /* Chat.swift in Sources */,
				7CF5606D21BEE1A300A39099 /* TextTableViewCell.swift in Sources */,
				6CF8ADD021D7C59900CD0064 /* Validator.swift in Sources */,
				7CF5606921BEDD6A00A39099 /* SegmenterTableViewCell.swift in Sources */,
				7C61EA3521C6BF1300D1BA6A /* Sex.swift in Sources */,
				6CFDC8B421D3C2C300232DBD /* Typealiases.swift in Sources */,
				7CAAAD0321B44BD700FBF963 /* AppDelegate.swift in Sources */,
				7CAAAD3D21B4574900FBF963 /* Extensions+UIView.swift in Sources */,
				7CAAAD2C21B4538B00FBF963 /* StartRouter.swift in Sources */,
				6CF8ADD421D7CBF100CD0064 /* StorageManager.swift in Sources */,
				6CF7C51221DCC761009F150A /* PostTableViewCell.swift in Sources */,
			);
			runOnlyForDeploymentPostprocessing = 0;
		};
		7CAAAD0F21B44BD900FBF963 /* Sources */ = {
			isa = PBXSourcesBuildPhase;
			buildActionMask = 2147483647;
			files = (
				7CAAAD1821B44BD900FBF963 /* DKVKTests.swift in Sources */,
			);
			runOnlyForDeploymentPostprocessing = 0;
		};
/* End PBXSourcesBuildPhase section */

/* Begin PBXTargetDependency section */
		7CAAAD1521B44BD900FBF963 /* PBXTargetDependency */ = {
			isa = PBXTargetDependency;
			target = 7CAAACFE21B44BD700FBF963 /* DKVK */;
			targetProxy = 7CAAAD1421B44BD900FBF963 /* PBXContainerItemProxy */;
		};
/* End PBXTargetDependency section */

/* Begin PBXVariantGroup section */
		7CAAAD0B21B44BD900FBF963 /* LaunchScreen.storyboard */ = {
			isa = PBXVariantGroup;
			children = (
				7CAAAD0C21B44BD900FBF963 /* Base */,
			);
			name = LaunchScreen.storyboard;
			sourceTree = "<group>";
		};
/* End PBXVariantGroup section */

/* Begin XCBuildConfiguration section */
		7CAAAD1A21B44BD900FBF963 /* Debug */ = {
			isa = XCBuildConfiguration;
			buildSettings = {
				ALWAYS_SEARCH_USER_PATHS = NO;
				CLANG_ANALYZER_NONNULL = YES;
				CLANG_ANALYZER_NUMBER_OBJECT_CONVERSION = YES_AGGRESSIVE;
				CLANG_CXX_LANGUAGE_STANDARD = "gnu++14";
				CLANG_CXX_LIBRARY = "libc++";
				CLANG_ENABLE_MODULES = YES;
				CLANG_ENABLE_OBJC_ARC = YES;
				CLANG_ENABLE_OBJC_WEAK = YES;
				CLANG_WARN_BLOCK_CAPTURE_AUTORELEASING = YES;
				CLANG_WARN_BOOL_CONVERSION = YES;
				CLANG_WARN_COMMA = YES;
				CLANG_WARN_CONSTANT_CONVERSION = YES;
				CLANG_WARN_DEPRECATED_OBJC_IMPLEMENTATIONS = YES;
				CLANG_WARN_DIRECT_OBJC_ISA_USAGE = YES_ERROR;
				CLANG_WARN_DOCUMENTATION_COMMENTS = YES;
				CLANG_WARN_EMPTY_BODY = YES;
				CLANG_WARN_ENUM_CONVERSION = YES;
				CLANG_WARN_INFINITE_RECURSION = YES;
				CLANG_WARN_INT_CONVERSION = YES;
				CLANG_WARN_NON_LITERAL_NULL_CONVERSION = YES;
				CLANG_WARN_OBJC_IMPLICIT_RETAIN_SELF = YES;
				CLANG_WARN_OBJC_LITERAL_CONVERSION = YES;
				CLANG_WARN_OBJC_ROOT_CLASS = YES_ERROR;
				CLANG_WARN_RANGE_LOOP_ANALYSIS = YES;
				CLANG_WARN_STRICT_PROTOTYPES = YES;
				CLANG_WARN_SUSPICIOUS_MOVE = YES;
				CLANG_WARN_UNGUARDED_AVAILABILITY = YES_AGGRESSIVE;
				CLANG_WARN_UNREACHABLE_CODE = YES;
				CLANG_WARN__DUPLICATE_METHOD_MATCH = YES;
				CODE_SIGN_IDENTITY = "iPhone Developer";
				COPY_PHASE_STRIP = NO;
				DEBUG_INFORMATION_FORMAT = dwarf;
				ENABLE_STRICT_OBJC_MSGSEND = YES;
				ENABLE_TESTABILITY = YES;
				GCC_C_LANGUAGE_STANDARD = gnu11;
				GCC_DYNAMIC_NO_PIC = NO;
				GCC_NO_COMMON_BLOCKS = YES;
				GCC_OPTIMIZATION_LEVEL = 0;
				GCC_PREPROCESSOR_DEFINITIONS = (
					"DEBUG=1",
					"$(inherited)",
				);
				GCC_WARN_64_TO_32_BIT_CONVERSION = YES;
				GCC_WARN_ABOUT_RETURN_TYPE = YES_ERROR;
				GCC_WARN_UNDECLARED_SELECTOR = YES;
				GCC_WARN_UNINITIALIZED_AUTOS = YES_AGGRESSIVE;
				GCC_WARN_UNUSED_FUNCTION = YES;
				GCC_WARN_UNUSED_VARIABLE = YES;
				IPHONEOS_DEPLOYMENT_TARGET = 12.1;
				MTL_ENABLE_DEBUG_INFO = INCLUDE_SOURCE;
				MTL_FAST_MATH = YES;
				ONLY_ACTIVE_ARCH = YES;
				SDKROOT = iphoneos;
				SWIFT_ACTIVE_COMPILATION_CONDITIONS = DEBUG;
				SWIFT_OPTIMIZATION_LEVEL = "-Onone";
			};
			name = Debug;
		};
		7CAAAD1B21B44BD900FBF963 /* Release */ = {
			isa = XCBuildConfiguration;
			buildSettings = {
				ALWAYS_SEARCH_USER_PATHS = NO;
				CLANG_ANALYZER_NONNULL = YES;
				CLANG_ANALYZER_NUMBER_OBJECT_CONVERSION = YES_AGGRESSIVE;
				CLANG_CXX_LANGUAGE_STANDARD = "gnu++14";
				CLANG_CXX_LIBRARY = "libc++";
				CLANG_ENABLE_MODULES = YES;
				CLANG_ENABLE_OBJC_ARC = YES;
				CLANG_ENABLE_OBJC_WEAK = YES;
				CLANG_WARN_BLOCK_CAPTURE_AUTORELEASING = YES;
				CLANG_WARN_BOOL_CONVERSION = YES;
				CLANG_WARN_COMMA = YES;
				CLANG_WARN_CONSTANT_CONVERSION = YES;
				CLANG_WARN_DEPRECATED_OBJC_IMPLEMENTATIONS = YES;
				CLANG_WARN_DIRECT_OBJC_ISA_USAGE = YES_ERROR;
				CLANG_WARN_DOCUMENTATION_COMMENTS = YES;
				CLANG_WARN_EMPTY_BODY = YES;
				CLANG_WARN_ENUM_CONVERSION = YES;
				CLANG_WARN_INFINITE_RECURSION = YES;
				CLANG_WARN_INT_CONVERSION = YES;
				CLANG_WARN_NON_LITERAL_NULL_CONVERSION = YES;
				CLANG_WARN_OBJC_IMPLICIT_RETAIN_SELF = YES;
				CLANG_WARN_OBJC_LITERAL_CONVERSION = YES;
				CLANG_WARN_OBJC_ROOT_CLASS = YES_ERROR;
				CLANG_WARN_RANGE_LOOP_ANALYSIS = YES;
				CLANG_WARN_STRICT_PROTOTYPES = YES;
				CLANG_WARN_SUSPICIOUS_MOVE = YES;
				CLANG_WARN_UNGUARDED_AVAILABILITY = YES_AGGRESSIVE;
				CLANG_WARN_UNREACHABLE_CODE = YES;
				CLANG_WARN__DUPLICATE_METHOD_MATCH = YES;
				CODE_SIGN_IDENTITY = "iPhone Developer";
				COPY_PHASE_STRIP = NO;
				DEBUG_INFORMATION_FORMAT = "dwarf-with-dsym";
				ENABLE_NS_ASSERTIONS = NO;
				ENABLE_STRICT_OBJC_MSGSEND = YES;
				GCC_C_LANGUAGE_STANDARD = gnu11;
				GCC_NO_COMMON_BLOCKS = YES;
				GCC_WARN_64_TO_32_BIT_CONVERSION = YES;
				GCC_WARN_ABOUT_RETURN_TYPE = YES_ERROR;
				GCC_WARN_UNDECLARED_SELECTOR = YES;
				GCC_WARN_UNINITIALIZED_AUTOS = YES_AGGRESSIVE;
				GCC_WARN_UNUSED_FUNCTION = YES;
				GCC_WARN_UNUSED_VARIABLE = YES;
				IPHONEOS_DEPLOYMENT_TARGET = 12.1;
				MTL_ENABLE_DEBUG_INFO = NO;
				MTL_FAST_MATH = YES;
				SDKROOT = iphoneos;
				SWIFT_COMPILATION_MODE = wholemodule;
				SWIFT_OPTIMIZATION_LEVEL = "-O";
				VALIDATE_PRODUCT = YES;
			};
			name = Release;
		};
		7CAAAD1D21B44BD900FBF963 /* Debug */ = {
			isa = XCBuildConfiguration;
			baseConfigurationReference = E58DFCAA07766F1306BE98CE /* Pods-DKVK.debug.xcconfig */;
			buildSettings = {
				ASSETCATALOG_COMPILER_APPICON_NAME = AppIcon;
				CODE_SIGN_STYLE = Automatic;
				DEVELOPMENT_TEAM = G9EVQJ4C2M;
				INFOPLIST_FILE = "$(SRCROOT)/DKVK/Resources/Info.plist";
				LD_RUNPATH_SEARCH_PATHS = (
					"$(inherited)",
					"@executable_path/Frameworks",
				);
				PRODUCT_BUNDLE_IDENTIFIER = com.DKVK;
				PRODUCT_NAME = "$(TARGET_NAME)";
				SWIFT_VERSION = 4.2;
				TARGETED_DEVICE_FAMILY = "1,2";
			};
			name = Debug;
		};
		7CAAAD1E21B44BD900FBF963 /* Release */ = {
			isa = XCBuildConfiguration;
			baseConfigurationReference = 54341E1F00487674AA461E73 /* Pods-DKVK.release.xcconfig */;
			buildSettings = {
				ASSETCATALOG_COMPILER_APPICON_NAME = AppIcon;
				CODE_SIGN_STYLE = Automatic;
				DEVELOPMENT_TEAM = G9EVQJ4C2M;
				INFOPLIST_FILE = "$(SRCROOT)/DKVK/Resources/Info.plist";
				LD_RUNPATH_SEARCH_PATHS = (
					"$(inherited)",
					"@executable_path/Frameworks",
				);
				PRODUCT_BUNDLE_IDENTIFIER = com.DKVK;
				PRODUCT_NAME = "$(TARGET_NAME)";
				SWIFT_VERSION = 4.2;
				TARGETED_DEVICE_FAMILY = "1,2";
			};
			name = Release;
		};
		7CAAAD2021B44BD900FBF963 /* Debug */ = {
			isa = XCBuildConfiguration;
			buildSettings = {
				ALWAYS_EMBED_SWIFT_STANDARD_LIBRARIES = YES;
				BUNDLE_LOADER = "$(TEST_HOST)";
				CODE_SIGN_STYLE = Automatic;
				INFOPLIST_FILE = DKVKTests/Info.plist;
				LD_RUNPATH_SEARCH_PATHS = (
					"$(inherited)",
					"@executable_path/Frameworks",
					"@loader_path/Frameworks",
				);
				PRODUCT_BUNDLE_IDENTIFIER = AI.DKVKTests;
				PRODUCT_NAME = "$(TARGET_NAME)";
				SWIFT_VERSION = 4.2;
				TARGETED_DEVICE_FAMILY = "1,2";
				TEST_HOST = "$(BUILT_PRODUCTS_DIR)/DKVK.app/DKVK";
			};
			name = Debug;
		};
		7CAAAD2121B44BD900FBF963 /* Release */ = {
			isa = XCBuildConfiguration;
			buildSettings = {
				ALWAYS_EMBED_SWIFT_STANDARD_LIBRARIES = YES;
				BUNDLE_LOADER = "$(TEST_HOST)";
				CODE_SIGN_STYLE = Automatic;
				INFOPLIST_FILE = DKVKTests/Info.plist;
				LD_RUNPATH_SEARCH_PATHS = (
					"$(inherited)",
					"@executable_path/Frameworks",
					"@loader_path/Frameworks",
				);
				PRODUCT_BUNDLE_IDENTIFIER = AI.DKVKTests;
				PRODUCT_NAME = "$(TARGET_NAME)";
				SWIFT_VERSION = 4.2;
				TARGETED_DEVICE_FAMILY = "1,2";
				TEST_HOST = "$(BUILT_PRODUCTS_DIR)/DKVK.app/DKVK";
			};
			name = Release;
		};
/* End XCBuildConfiguration section */

/* Begin XCConfigurationList section */
		7CAAACFA21B44BD700FBF963 /* Build configuration list for PBXProject "DKVK" */ = {
			isa = XCConfigurationList;
			buildConfigurations = (
				7CAAAD1A21B44BD900FBF963 /* Debug */,
				7CAAAD1B21B44BD900FBF963 /* Release */,
			);
			defaultConfigurationIsVisible = 0;
			defaultConfigurationName = Release;
		};
		7CAAAD1C21B44BD900FBF963 /* Build configuration list for PBXNativeTarget "DKVK" */ = {
			isa = XCConfigurationList;
			buildConfigurations = (
				7CAAAD1D21B44BD900FBF963 /* Debug */,
				7CAAAD1E21B44BD900FBF963 /* Release */,
			);
			defaultConfigurationIsVisible = 0;
			defaultConfigurationName = Release;
		};
		7CAAAD1F21B44BD900FBF963 /* Build configuration list for PBXNativeTarget "DKVKTests" */ = {
			isa = XCConfigurationList;
			buildConfigurations = (
				7CAAAD2021B44BD900FBF963 /* Debug */,
				7CAAAD2121B44BD900FBF963 /* Release */,
			);
			defaultConfigurationIsVisible = 0;
			defaultConfigurationName = Release;
		};
/* End XCConfigurationList section */
	};
	rootObject = 7CAAACF721B44BD700FBF963 /* Project object */;
}
